
Microsoft Visual Studio Solution File, Format Version 12.00
# Visual Studio 15
VisualStudioVersion = 15.0.28307.421
MinimumVisualStudioVersion = 10.0.40219.1
Project("{FAE04EC0-301F-11D3-BF4B-00C04F79EFBC}") = "hosts-manager", "hosts-manager\hosts-manager.csproj", "{85BE6CE8-1089-469E-B546-63A6D1001ABB}"
EndProject
Global
	GlobalSection(SolutionConfigurationPlatforms) = preSolution
		Debug|Any CPU = Debug|Any CPU
		Release|Any CPU = Release|Any CPU
	EndGlobalSection
	GlobalSection(ProjectConfigurationPlatforms) = postSolution
		{85BE6CE8-1089-469E-B546-63A6D1001ABB}.Debug|Any CPU.ActiveCfg = Debug|Any CPU
		{85BE6CE8-1089-469E-B546-63A6D1001ABB}.Debug|Any CPU.Build.0 = Debug|Any CPU
		{85BE6CE8-1089-469E-B546-63A6D1001ABB}.Release|Any CPU.ActiveCfg = Release|Any CPU
		{85BE6CE8-1089-469E-B546-63A6D1001ABB}.Release|Any CPU.Build.0 = Release|Any CPU
	EndGlobalSection
	GlobalSection(SolutionProperties) = preSolution
		HideSolutionNode = FALSE
	EndGlobalSection
	GlobalSection(ExtensibilityGlobals) = postSolution
		SolutionGuid = {4848F680-8675-4517-A5AF-D7B02768135C}
	EndGlobalSection
EndGlobal
